
Microsoft Visual Studio Solution File, Format Version 12.00
# Visual Studio 14
VisualStudioVersion = 14.0.25420.1
MinimumVisualStudioVersion = 10.0.40219.1
Project("{FAE04EC0-301F-11D3-BF4B-00C04F79EFBC}") = "SimpleBlog", "SimpleBlog\SimpleBlog.csproj", "{0F370AE3-1042-408C-86F5-6FA8DB73450A}"
EndProject
Project("{FAE04EC0-301F-11D3-BF4B-00C04F79EFBC}") = "SimpleBlog.Tests", "SimpleBlog.Tests\SimpleBlog.Tests.csproj", "{8CA49F5A-91A8-4DAE-8EBB-72EFEE88A4D6}"
EndProject
Global
	GlobalSection(SolutionConfigurationPlatforms) = preSolution
		Debug|Any CPU = Debug|Any CPU
		Release|Any CPU = Release|Any CPU
	EndGlobalSection
	GlobalSection(ProjectConfigurationPlatforms) = postSolution
		{0F370AE3-1042-408C-86F5-6FA8DB73450A}.Debug|Any CPU.ActiveCfg = Debug|Any CPU
		{0F370AE3-1042-408C-86F5-6FA8DB73450A}.Debug|Any CPU.Build.0 = Debug|Any CPU
		{0F370AE3-1042-408C-86F5-6FA8DB73450A}.Release|Any CPU.ActiveCfg = Release|Any CPU
		{0F370AE3-1042-408C-86F5-6FA8DB73450A}.Release|Any CPU.Build.0 = Release|Any CPU
		{8CA49F5A-91A8-4DAE-8EBB-72EFEE88A4D6}.Debug|Any CPU.ActiveCfg = Debug|Any CPU
		{8CA49F5A-91A8-4DAE-8EBB-72EFEE88A4D6}.Debug|Any CPU.Build.0 = Debug|Any CPU
		{8CA49F5A-91A8-4DAE-8EBB-72EFEE88A4D6}.Release|Any CPU.ActiveCfg = Release|Any CPU
		{8CA49F5A-91A8-4DAE-8EBB-72EFEE88A4D6}.Release|Any CPU.Build.0 = Release|Any CPU
	EndGlobalSection
	GlobalSection(SolutionProperties) = preSolution
		HideSolutionNode = FALSE
	EndGlobalSection
EndGlobal
